{
  "name": "mq-bridge-pulsar",
  "version": "0.1.4",
  "lockfileVersion": 3,
  "requires": true,
  "packages": {
    "": {
      "name": "mq-bridge-pulsar",
      "version": "0.1.4",
      "license": "MIT",
      "devDependencies": {
        "mq-bridge": "0.4.5"
      },
      "engines": {
        "node": ">=18"
      },
      "peerDependencies": {
        "mq-bridge": ">=0.4.5 <0.5.0"
      }
    },
    "node_modules/mq-bridge": {
      "version": "0.4.5",
      "resolved": "https://registry.npmjs.org/mq-bridge/-/mq-bridge-0.4.5.tgz",
      "integrity": "sha512-cVfCbBABwbzpzfN2YmJrI9v3zJGfDaN+4LtWTsweS0JsW9ZyPgDGM6X2fHpzTlt41NCbI/vzFNqOUHrEW+nL2g==",
      "dev": true,
      "license": "MIT",
      "bin": {
        "mq-bridge-package-plugin": "plugin-packaging.mjs"
      },
      "engines": {
        "node": ">=18"
      },
      "optionalDependencies": {
        "mq-bridge-darwin-arm64": "0.4.5",
        "mq-bridge-darwin-x64": "0.4.5",
        "mq-bridge-linux-arm64-gnu": "0.4.5",
        "mq-bridge-linux-x64-gnu": "0.4.5",
        "mq-bridge-win32-x64-msvc": "0.4.5"
      }
    },
    "node_modules/mq-bridge-darwin-arm64": {
      "version": "0.4.5",
      "resolved": "https://registry.npmjs.org/mq-bridge-darwin-arm64/-/mq-bridge-darwin-arm64-0.4.5.tgz",
      "integrity": "sha512-sVD+Zy9bRq5o5CjYD4kqVupXIzswO33DsRjCKYAI9xISKRJIK9fOG9nuNTNgZyeQRN63gARPiJtfXDAlWc7mdw==",
      "cpu": [
        "arm64"
      ],
      "dev": true,
      "license": "MIT",
      "optional": true,
      "os": [
        "darwin"
      ],
      "engines": {
        "node": ">=18"
      }
    },
    "node_modules/mq-bridge-darwin-x64": {
      "version": "0.4.5",
      "resolved": "https://registry.npmjs.org/mq-bridge-darwin-x64/-/mq-bridge-darwin-x64-0.4.5.tgz",
      "integrity": "sha512-+ff2JEoDBRSBo6RmmHSU6GQaLgr0fvcdaH1FA9CYhRU4Xdr/lgJqMJkWYNQyzRpYkHrDhLOqTgpK8bmIAVoY1Q==",
      "cpu": [
        "x64"
      ],
      "dev": true,
      "license": "MIT",
      "optional": true,
      "os": [
        "darwin"
      ],
      "engines": {
        "node": ">=18"
      }
    },
    "node_modules/mq-bridge-linux-arm64-gnu": {
      "version": "0.4.5",
      "resolved": "https://registry.npmjs.org/mq-bridge-linux-arm64-gnu/-/mq-bridge-linux-arm64-gnu-0.4.5.tgz",
      "integrity": "sha512-jZFAV7+WXhfjFioHtEJj8OlEic/c6ZNfv0yP0M7Z53xwq7r/USU5XYcUxYbnRu3JS+l8ZWK56a9xLrcjoMQHUw==",
      "cpu": [
        "arm64"
      ],
      "dev": true,
      "libc": [
        "glibc"
      ],
      "license": "MIT",
      "optional": true,
      "os": [
        "linux"
      ],
      "engines": {
        "node": ">=18"
      }
    },
    "node_modules/mq-bridge-linux-x64-gnu": {
      "version": "0.4.5",
      "resolved": "https://registry.npmjs.org/mq-bridge-linux-x64-gnu/-/mq-bridge-linux-x64-gnu-0.4.5.tgz",
      "integrity": "sha512-5dIvtfEqWp+igvJ9w4hLSaT3FB13JF4PDsY9lFOwDjMy5hH/9erF3zNsDFwh7fTqVX6qwYYjttfDCIgpAN/b1w==",
      "cpu": [
        "x64"
      ],
      "dev": true,
      "libc": [
        "glibc"
      ],
      "license": "MIT",
      "optional": true,
      "os": [
        "linux"
      ],
      "engines": {
        "node": ">=18"
      }
    },
    "node_modules/mq-bridge-win32-x64-msvc": {
      "version": "0.4.5",
      "resolved": "https://registry.npmjs.org/mq-bridge-win32-x64-msvc/-/mq-bridge-win32-x64-msvc-0.4.5.tgz",
      "integrity": "sha512-ZOdaf6cmrCsGUEkcmA/8cG6EYNMhR7l2OKRfA04GjODUFvtTK9y9BonYlo1km3W7TxYHDORvp3DWHqMVB0yShw==",
      "cpu": [
        "x64"
      ],
      "dev": true,
      "license": "MIT",
      "optional": true,
      "os": [
        "win32"
      ],
      "engines": {
        "node": ">=18"
      }
    }
  }
}
